Microsoft Visual Studio Solution File, Format Version 12.00
# Visual Studio Version 18
VisualStudioVersion = 18.3.11520.95
MinimumVisualStudioVersion = 10.0.40219.1
Project("{FAE04EC0-301F-11D3-BF4B-00C04F79EFBC}") = "MedicamentBO", "MedicamentBO\MedicamentBO.csproj", "{2A1A5C96-508E-52C3-C0C2-AFF7B0947D58}"
EndProject
Project("{FAE04EC0-301F-11D3-BF4B-00C04F79EFBC}") = "MedicamentGUI", "MedicamentGUI\MedicamentGUI.csproj", "{3A69B661-4DE9-434A-83AC-F410AF919C18}"
EndProject
Global
	GlobalSection(SolutionConfigurationPlatforms) = preSolution
		Debug|Any CPU = Debug|Any CPU
		Release|Any CPU = Release|Any CPU
	EndGlobalSection
	GlobalSection(ProjectConfigurationPlatforms) = postSolution
		{2A1A5C96-508E-52C3-C0C2-AFF7B0947D58}.Debug|Any CPU.ActiveCfg = Debug|Any CPU
		{2A1A5C96-508E-52C3-C0C2-AFF7B0947D58}.Debug|Any CPU.Build.0 = Debug|Any CPU
		{2A1A5C96-508E-52C3-C0C2-AFF7B0947D58}.Release|Any CPU.ActiveCfg = Release|Any CPU
		{2A1A5C96-508E-52C3-C0C2-AFF7B0947D58}.Release|Any CPU.Build.0 = Release|Any CPU
		{3A69B661-4DE9-434A-83AC-F410AF919C18}.Debug|Any CPU.ActiveCfg = Debug|Any CPU
		{3A69B661-4DE9-434A-83AC-F410AF919C18}.Debug|Any CPU.Build.0 = Debug|Any CPU
		{3A69B661-4DE9-434A-83AC-F410AF919C18}.Release|Any CPU.ActiveCfg = Release|Any CPU
		{3A69B661-4DE9-434A-83AC-F410AF919C18}.Release|Any CPU.Build.0 = Release|Any CPU
	EndGlobalSection
	GlobalSection(SolutionProperties) = preSolution
		HideSolutionNode = FALSE
	EndGlobalSection
	GlobalSection(ExtensibilityGlobals) = postSolution
		SolutionGuid = {5230804B-0951-4566-9052-A0C5AE53A046}
	EndGlobalSection
EndGlobal
